
Microsoft Visual Studio Solution File, Format Version 12.00
# Visual Studio Version 17
VisualStudioVersion = 17.4.33122.133
MinimumVisualStudioVersion = 10.0.40219.1
Project("{FAE04EC0-301F-11D3-BF4B-00C04F79EFBC}") = "TestBlazorForBA", "TestBlazorForBA\TestBlazorForBA.csproj", "{F6C04648-69CA-466E-AC50-0DAFD7CF2865}"
EndProject
Global
	GlobalSection(SolutionConfigurationPlatforms) = preSolution
		Debug|Any CPU = Debug|Any CPU
		Release|Any CPU = Release|Any CPU
	EndGlobalSection
	GlobalSection(ProjectConfigurationPlatforms) = postSolution
		{F6C04648-69CA-466E-AC50-0DAFD7CF2865}.Debug|Any CPU.ActiveCfg = Debug|Any CPU
		{F6C04648-69CA-466E-AC50-0DAFD7CF2865}.Debug|Any CPU.Build.0 = Debug|Any CPU
		{F6C04648-69CA-466E-AC50-0DAFD7CF2865}.Release|Any CPU.ActiveCfg = Release|Any CPU
		{F6C04648-69CA-466E-AC50-0DAFD7CF2865}.Release|Any CPU.Build.0 = Release|Any CPU
	EndGlobalSection
	GlobalSection(SolutionProperties) = preSolution
		HideSolutionNode = FALSE
	EndGlobalSection
	GlobalSection(ExtensibilityGlobals) = postSolution
		SolutionGuid = {2C0E4BC4-A4AD-4671-A7C6-F1E21BF82A8E}
	EndGlobalSection
EndGlobal
